
Microsoft Visual Studio Solution File, Format Version 12.00
# Visual Studio 15
VisualStudioVersion = 15.0.28307.136
MinimumVisualStudioVersion = 10.0.40219.1
Project("{FAE04EC0-301F-11D3-BF4B-00C04F79EFBC}") = "CarManagement", "CarManagement\CarManagement.csproj", "{BF600EB1-3D56-406A-A88B-FE37686087A5}"
EndProject
Global
	GlobalSection(SolutionConfigurationPlatforms) = preSolution
		Debug|Any CPU = Debug|Any CPU
		Release|Any CPU = Release|Any CPU
	EndGlobalSection
	GlobalSection(ProjectConfigurationPlatforms) = postSolution
		{BF600EB1-3D56-406A-A88B-FE37686087A5}.Debug|Any CPU.ActiveCfg = Debug|Any CPU
		{BF600EB1-3D56-406A-A88B-FE37686087A5}.Debug|Any CPU.Build.0 = Debug|Any CPU
		{BF600EB1-3D56-406A-A88B-FE37686087A5}.Release|Any CPU.ActiveCfg = Release|Any CPU
		{BF600EB1-3D56-406A-A88B-FE37686087A5}.Release|Any CPU.Build.0 = Release|Any CPU
	EndGlobalSection
	GlobalSection(SolutionProperties) = preSolution
		HideSolutionNode = FALSE
	EndGlobalSection
	GlobalSection(ExtensibilityGlobals) = postSolution
		SolutionGuid = {FA8A8374-54B9-42D5-8B0E-0959BA6D9E82}
	EndGlobalSection
EndGlobal
